
Microsoft Visual Studio Solution File, Format Version 12.00
# Visual Studio 15
VisualStudioVersion = 15.0.27428.2011
MinimumVisualStudioVersion = 10.0.40219.1
Project("{FAE04EC0-301F-11D3-BF4B-00C04F79EFBC}") = "DapperCore", "DapperCore\DapperCore.csproj", "{7A3614F5-C721-4F01-B513-952D48BFBA5B}"
EndProject
Global
	GlobalSection(SolutionConfigurationPlatforms) = preSolution
		Debug|Any CPU = Debug|Any CPU
		Release|Any CPU = Release|Any CPU
	EndGlobalSection
	GlobalSection(ProjectConfigurationPlatforms) = postSolution
		{7A3614F5-C721-4F01-B513-952D48BFBA5B}.Debug|Any CPU.ActiveCfg = Debug|Any CPU
		{7A3614F5-C721-4F01-B513-952D48BFBA5B}.Debug|Any CPU.Build.0 = Debug|Any CPU
		{7A3614F5-C721-4F01-B513-952D48BFBA5B}.Release|Any CPU.ActiveCfg = Release|Any CPU
		{7A3614F5-C721-4F01-B513-952D48BFBA5B}.Release|Any CPU.Build.0 = Release|Any CPU
	EndGlobalSection
	GlobalSection(SolutionProperties) = preSolution
		HideSolutionNode = FALSE
	EndGlobalSection
	GlobalSection(ExtensibilityGlobals) = postSolution
		SolutionGuid = {79D2191F-700F-4FE0-B623-36269C285DCF}
	EndGlobalSection
EndGlobal
